
Microsoft Visual Studio Solution File, Format Version 12.00
# Visual Studio Version 17
VisualStudioVersion = 17.9.34616.47
MinimumVisualStudioVersion = 10.0.40219.1
Project("{8BC9CEB8-8B4A-11D0-8D11-00A0C91BC942}") = "StreamReaderandWriter_0156", "StreamReaderandWriter_0156\StreamReaderandWriter_0156.vcxproj", "{EC51EF28-DE90-4C5E-929D-77D3DC961A4A}"
EndProject
Project("{8BC9CEB8-8B4A-11D0-8D11-00A0C91BC942}") = "iofilepakaipath", "iofilepakaipath\iofilepakaipath.vcxproj", "{A086A8A3-BFC2-4C17-9CE7-CFE7D21847E6}"
EndProject
Project("{8BC9CEB8-8B4A-11D0-8D11-00A0C91BC942}") = "Exaptionmaanual", "Exaptionmaanual\Exaptionmaanual.vcxproj", "{6C2D6059-BAD1-4B48-9F6D-599A9CC72E5C}"
EndProject
Project("{8BC9CEB8-8B4A-11D0-8D11-00A0C91BC942}") = "exeption standar", "exeption standar\exeption standar.vcxproj", "{5B4B765A-0A3D-41C7-A38E-34FDD2B767B2}"
EndProject
Global
	GlobalSection(SolutionConfigurationPlatforms) = preSolution
		Debug|x64 = Debug|x64
		Debug|x86 = Debug|x86
		Release|x64 = Release|x64
		Release|x86 = Release|x86
	EndGlobalSection
	GlobalSection(ProjectConfigurationPlatforms) = postSolution
		{EC51EF28-DE90-4C5E-929D-77D3DC961A4A}.Debug|x64.ActiveCfg = Debug|x64
		{EC51EF28-DE90-4C5E-929D-77D3DC961A4A}.Debug|x64.Build.0 = Debug|x64
		{EC51EF28-DE90-4C5E-929D-77D3DC961A4A}.Debug|x86.ActiveCfg = Debug|Win32
		{EC51EF28-DE90-4C5E-929D-77D3DC961A4A}.Debug|x86.Build.0 = Debug|Win32
		{EC51EF28-DE90-4C5E-929D-77D3DC961A4A}.Release|x64.ActiveCfg = Release|x64
		{EC51EF28-DE90-4C5E-929D-77D3DC961A4A}.Release|x64.Build.0 = Release|x64
		{EC51EF28-DE90-4C5E-929D-77D3DC961A4A}.Release|x86.ActiveCfg = Release|Win32
		{EC51EF28-DE90-4C5E-929D-77D3DC961A4A}.Release|x86.Build.0 = Release|Win32
		{A086A8A3-BFC2-4C17-9CE7-CFE7D21847E6}.Debug|x64.ActiveCfg = Debug|x64
		{A086A8A3-BFC2-4C17-9CE7-CFE7D21847E6}.Debug|x64.Build.0 = Debug|x64
		{A086A8A3-BFC2-4C17-9CE7-CFE7D21847E6}.Debug|x86.ActiveCfg = Debug|Win32
		{A086A8A3-BFC2-4C17-9CE7-CFE7D21847E6}.Debug|x86.Build.0 = Debug|Win32
		{A086A8A3-BFC2-4C17-9CE7-CFE7D21847E6}.Release|x64.ActiveCfg = Release|x64
		{A086A8A3-BFC2-4C17-9CE7-CFE7D21847E6}.Release|x64.Build.0 = Release|x64
		{A086A8A3-BFC2-4C17-9CE7-CFE7D21847E6}.Release|x86.ActiveCfg = Release|Win32
		{A086A8A3-BFC2-4C17-9CE7-CFE7D21847E6}.Release|x86.Build.0 = Release|Win32
		{6C2D6059-BAD1-4B48-9F6D-599A9CC72E5C}.Debug|x64.ActiveCfg = Debug|x64
		{6C2D6059-BAD1-4B48-9F6D-599A9CC72E5C}.Debug|x64.Build.0 = Debug|x64
		{6C2D6059-BAD1-4B48-9F6D-599A9CC72E5C}.Debug|x86.ActiveCfg = Debug|Win32
		{6C2D6059-BAD1-4B48-9F6D-599A9CC72E5C}.Debug|x86.Build.0 = Debug|Win32
		{6C2D6059-BAD1-4B48-9F6D-599A9CC72E5C}.Release|x64.ActiveCfg = Release|x64
		{6C2D6059-BAD1-4B48-9F6D-599A9CC72E5C}.Release|x64.Build.0 = Release|x64
		{6C2D6059-BAD1-4B48-9F6D-599A9CC72E5C}.Release|x86.ActiveCfg = Release|Win32
		{6C2D6059-BAD1-4B48-9F6D-599A9CC72E5C}.Release|x86.Build.0 = Release|Win32
		{5B4B765A-0A3D-41C7-A38E-34FDD2B767B2}.Debug|x64.ActiveCfg = Debug|x64
		{5B4B765A-0A3D-41C7-A38E-34FDD2B767B2}.Debug|x64.Build.0 = Debug|x64
		{5B4B765A-0A3D-41C7-A38E-34FDD2B767B2}.Debug|x86.ActiveCfg = Debug|Win32
		{5B4B765A-0A3D-41C7-A38E-34FDD2B767B2}.Debug|x86.Build.0 = Debug|Win32
		{5B4B765A-0A3D-41C7-A38E-34FDD2B767B2}.Release|x64.ActiveCfg = Release|x64
		{5B4B765A-0A3D-41C7-A38E-34FDD2B767B2}.Release|x64.Build.0 = Release|x64
		{5B4B765A-0A3D-41C7-A38E-34FDD2B767B2}.Release|x86.ActiveCfg = Release|Win32
		{5B4B765A-0A3D-41C7-A38E-34FDD2B767B2}.Release|x86.Build.0 = Release|Win32
	EndGlobalSection
	GlobalSection(SolutionProperties) = preSolution
		HideSolutionNode = FALSE
	EndGlobalSection
	GlobalSection(ExtensibilityGlobals) = postSolution
		SolutionGuid = {314AC6EA-BA79-415D-985C-FDBE45114B68}
	EndGlobalSection
EndGlobal
